{
    "version": 3,
    "terraform_version": "0.11.13",
    "serial": 2,
    "lineage": "9985dc1c-d970-ef44-202f-b109aa6b0a7d",
    "modules": [
        {
            "path": [
                "root"
            ],
            "outputs": {},
            "resources": {
                "aws_instance.test": {
                    "type": "aws_instance",
                    "depends_on": [],
                    "primary": {
                        "id": "i-0d634054f5cf0ca2e",
                        "attributes": {
                            "ami": "ami-2d39803a",
                            "arn": "arn:aws:ec2:us-east-1:349917869524:instance/i-0d634054f5cf0ca2e",
                            "associate_public_ip_address": "true",
                            "availability_zone": "us-east-1b",
                            "cpu_core_count": "1",
                            "cpu_threads_per_core": "1",
                            "credit_specification.#": "1",
                            "credit_specification.0.cpu_credits": "standard",
                            "disable_api_termination": "false",
                            "ebs_block_device.#": "0",
                            "ebs_optimized": "false",
                            "ephemeral_block_device.#": "0",
                            "get_password_data": "false",
                            "iam_instance_profile": "",
                            "id": "i-0d634054f5cf0ca2e",
                            "instance_state": "running",
                            "instance_type": "t2.micro",
                            "ipv6_addresses.#": "0",
                            "key_name": "",
                            "monitoring": "false",
                            "network_interface.#": "0",
                            "password_data": "",
                            "placement_group": "",
                            "primary_network_interface_id": "eni-05eadaa4b00c7a38b",
                            "private_dns": "ip-172-31-37-172.ec2.internal",
                            "private_ip": "172.31.37.172",
                            "public_dns": "ec2-3-92-167-184.compute-1.amazonaws.com",
                            "public_ip": "3.92.167.184",
                            "root_block_device.#": "1",
                            "root_block_device.0.delete_on_termination": "true",
                            "root_block_device.0.iops": "100",
                            "root_block_device.0.volume_id": "vol-0c3a3f3a5c3ec8c3b",
                            "root_block_device.0.volume_size": "8",
                            "root_block_device.0.volume_type": "gp2",
                            "security_groups.#": "1",
                            "security_groups.3814588639": "default",
                            "source_dest_check": "true",
                            "subnet_id": "subnet-b5e99be9",
                            "tags.%": "1",
                            "tags.Name": "terraform-example",
                            "tenancy": "default",
                            "volume_tags.%": "0",
                            "vpc_security_group_ids.#": "1",
                            "vpc_security_group_ids.3696812674": "sg-0f016448"
                        },
                        "meta": {
                            "e2bfb730-ecaa-11e6-8f88-34363bc7c4c0": {
                                "create": 600000000000,
                                "delete": 1200000000000,
                                "update": 600000000000
                            },
                            "schema_version": "1"
                        },
                        "tainted": false
                    },
                    "deposed": [],
                    "provider": "provider.aws"
                }
            },
            "depends_on": []
        }
    ]
}
